
Microsoft Visual Studio Solution File, Format Version 12.00
# Visual Studio Version 17
VisualStudioVersion = 17.10.34916.146
MinimumVisualStudioVersion = 10.0.40219.1
Project("{FAE04EC0-301F-11D3-BF4B-00C04F79EFBC}") = "WindowsFormsApp5", "WindowsFormsApp5\WindowsFormsApp5.csproj", "{D445CC25-67EA-41C1-8D46-BC602AEA11B8}"
EndProject
Global
	GlobalSection(SolutionConfigurationPlatforms) = preSolution
		Debug|Any CPU = Debug|Any CPU
		Release|Any CPU = Release|Any CPU
	EndGlobalSection
	GlobalSection(ProjectConfigurationPlatforms) = postSolution
		{D445CC25-67EA-41C1-8D46-BC602AEA11B8}.Debug|Any CPU.ActiveCfg = Debug|Any CPU
		{D445CC25-67EA-41C1-8D46-BC602AEA11B8}.Debug|Any CPU.Build.0 = Debug|Any CPU
		{D445CC25-67EA-41C1-8D46-BC602AEA11B8}.Release|Any CPU.ActiveCfg = Release|Any CPU
		{D445CC25-67EA-41C1-8D46-BC602AEA11B8}.Release|Any CPU.Build.0 = Release|Any CPU
	EndGlobalSection
	GlobalSection(SolutionProperties) = preSolution
		HideSolutionNode = FALSE
	EndGlobalSection
	GlobalSection(ExtensibilityGlobals) = postSolution
		SolutionGuid = {0A58BA97-84CB-4B15-AD42-37BDE94BE6DA}
	EndGlobalSection
EndGlobal
